
Microsoft Visual Studio Solution File, Format Version 12.00
# Visual Studio Version 16
VisualStudioVersion = 16.0.29613.14
MinimumVisualStudioVersion = 10.0.40219.1
Project("{FAE04EC0-301F-11D3-BF4B-00C04F79EFBC}") = "USAR_TestProject", "USAR_TestProject\USAR_TestProject.csproj", "{8B05C493-4C02-4577-B0C5-DF3B241DD831}"
EndProject
Global
	GlobalSection(SolutionConfigurationPlatforms) = preSolution
		Debug|Any CPU = Debug|Any CPU
		Release|Any CPU = Release|Any CPU
	EndGlobalSection
	GlobalSection(ProjectConfigurationPlatforms) = postSolution
		{8B05C493-4C02-4577-B0C5-DF3B241DD831}.Debug|Any CPU.ActiveCfg = Debug|Any CPU
		{8B05C493-4C02-4577-B0C5-DF3B241DD831}.Debug|Any CPU.Build.0 = Debug|Any CPU
		{8B05C493-4C02-4577-B0C5-DF3B241DD831}.Release|Any CPU.ActiveCfg = Release|Any CPU
		{8B05C493-4C02-4577-B0C5-DF3B241DD831}.Release|Any CPU.Build.0 = Release|Any CPU
	EndGlobalSection
	GlobalSection(SolutionProperties) = preSolution
		HideSolutionNode = FALSE
	EndGlobalSection
	GlobalSection(ExtensibilityGlobals) = postSolution
		SolutionGuid = {F3E2D707-E001-4D63-8CB1-018A4F4B189F}
	EndGlobalSection
EndGlobal
